
Microsoft Visual Studio Solution File, Format Version 12.00
# Visual Studio Version 16
VisualStudioVersion = 16.0.31702.278
MinimumVisualStudioVersion = 10.0.40219.1
Project("{FAE04EC0-301F-11D3-BF4B-00C04F79EFBC}") = "PictureViewer", "PictureViewer.csproj", "{9FCD9878-C150-4AA1-9C1A-974827113908}"
EndProject
Global
	GlobalSection(SolutionConfigurationPlatforms) = preSolution
		Debug|Any CPU = Debug|Any CPU
		Release|Any CPU = Release|Any CPU
	EndGlobalSection
	GlobalSection(ProjectConfigurationPlatforms) = postSolution
		{9FCD9878-C150-4AA1-9C1A-974827113908}.Debug|Any CPU.ActiveCfg = Debug|Any CPU
		{9FCD9878-C150-4AA1-9C1A-974827113908}.Debug|Any CPU.Build.0 = Debug|Any CPU
		{9FCD9878-C150-4AA1-9C1A-974827113908}.Release|Any CPU.ActiveCfg = Release|Any CPU
		{9FCD9878-C150-4AA1-9C1A-974827113908}.Release|Any CPU.Build.0 = Release|Any CPU
	EndGlobalSection
	GlobalSection(SolutionProperties) = preSolution
		HideSolutionNode = FALSE
	EndGlobalSection
	GlobalSection(ExtensibilityGlobals) = postSolution
		SolutionGuid = {A8E593FC-F6E2-4AC3-A7EA-149EF1D4EB02}
	EndGlobalSection
EndGlobal
